Microsoft Visual Studio Solution File, Format Version 12.00
# Visual Studio Version 17
VisualStudioVersion = 17.5.2.0
MinimumVisualStudioVersion = 10.0.40219.1
Project("{FAE04EC0-301F-11D3-BF4B-00C04F79EFBC}") = "lab1-byLiza", "lab1-byLiza.csproj", "{8999E89A-828B-9A12-01C1-51B9865A7B72}"
EndProject
Global
	GlobalSection(SolutionConfigurationPlatforms) = preSolution
		Debug|Any CPU = Debug|Any CPU
		Release|Any CPU = Release|Any CPU
	EndGlobalSection
	GlobalSection(ProjectConfigurationPlatforms) = postSolution
		{8999E89A-828B-9A12-01C1-51B9865A7B72}.Debug|Any CPU.ActiveCfg = Debug|Any CPU
		{8999E89A-828B-9A12-01C1-51B9865A7B72}.Debug|Any CPU.Build.0 = Debug|Any CPU
		{8999E89A-828B-9A12-01C1-51B9865A7B72}.Release|Any CPU.ActiveCfg = Release|Any CPU
		{8999E89A-828B-9A12-01C1-51B9865A7B72}.Release|Any CPU.Build.0 = Release|Any CPU
	EndGlobalSection
	GlobalSection(SolutionProperties) = preSolution
		HideSolutionNode = FALSE
	EndGlobalSection
	GlobalSection(ExtensibilityGlobals) = postSolution
		SolutionGuid = {1674194C-9353-42BC-A5CD-57BA19161D36}
	EndGlobalSection
EndGlobal
